
Microsoft Visual Studio Solution File, Format Version 12.00
# Visual Studio Version 16
VisualStudioVersion = 16.0.29806.167
MinimumVisualStudioVersion = 10.0.40219.1
Project("{FAE04EC0-301F-11D3-BF4B-00C04F79EFBC}") = "VehicleTrackingAPI", "VehicleTrackingAPI\VehicleTrackingAPI.csproj", "{1E29B96C-4B25-4C7C-A145-59C2A75B4D77}"
EndProject
Global
	GlobalSection(SolutionConfigurationPlatforms) = preSolution
		Debug|Any CPU = Debug|Any CPU
		Release|Any CPU = Release|Any CPU
	EndGlobalSection
	GlobalSection(ProjectConfigurationPlatforms) = postSolution
		{1E29B96C-4B25-4C7C-A145-59C2A75B4D77}.Debug|Any CPU.ActiveCfg = Debug|Any CPU
		{1E29B96C-4B25-4C7C-A145-59C2A75B4D77}.Debug|Any CPU.Build.0 = Debug|Any CPU
		{1E29B96C-4B25-4C7C-A145-59C2A75B4D77}.Release|Any CPU.ActiveCfg = Release|Any CPU
		{1E29B96C-4B25-4C7C-A145-59C2A75B4D77}.Release|Any CPU.Build.0 = Release|Any CPU
	EndGlobalSection
	GlobalSection(SolutionProperties) = preSolution
		HideSolutionNode = FALSE
	EndGlobalSection
	GlobalSection(ExtensibilityGlobals) = postSolution
		SolutionGuid = {D2E73252-617D-47C6-AE9B-D4A6163FC3A8}
	EndGlobalSection
EndGlobal
